
Microsoft Visual Studio Solution File, Format Version 12.00
# Visual Studio Version 17
VisualStudioVersion = 17.4.33403.182
MinimumVisualStudioVersion = 10.0.40219.1
Project("{FAE04EC0-301F-11D3-BF4B-00C04F79EFBC}") = "WindowsFormsApp1", "WindowsFormsApp1.csproj", "{D6271B77-A66E-45D9-B254-D68609762EB6}"
EndProject
Global
	GlobalSection(SolutionConfigurationPlatforms) = preSolution
		Debug|Any CPU = Debug|Any CPU
		Release|Any CPU = Release|Any CPU
	EndGlobalSection
	GlobalSection(ProjectConfigurationPlatforms) = postSolution
		{D6271B77-A66E-45D9-B254-D68609762EB6}.Debug|Any CPU.ActiveCfg = Debug|Any CPU
		{D6271B77-A66E-45D9-B254-D68609762EB6}.Debug|Any CPU.Build.0 = Debug|Any CPU
		{D6271B77-A66E-45D9-B254-D68609762EB6}.Release|Any CPU.ActiveCfg = Release|Any CPU
		{D6271B77-A66E-45D9-B254-D68609762EB6}.Release|Any CPU.Build.0 = Release|Any CPU
	EndGlobalSection
	GlobalSection(SolutionProperties) = preSolution
		HideSolutionNode = FALSE
	EndGlobalSection
	GlobalSection(ExtensibilityGlobals) = postSolution
		SolutionGuid = {980CE78B-A09F-423A-8AD4-C58FB2E1D00F}
	EndGlobalSection
EndGlobal
